// !$*UTF8*$!
{
	archiveVersion = 1;
	classes = {
	};
	objectVersion = 46;
	objects = {

/* Begin PBXBuildFile section */
		C909C7CA19480AFC00080438 /* main.m in Sources */ = {isa = PBXBuildFile; fileRef = C909C7C919480AFC00080438 /* main.m */; };
		C909C7CD19480AFC00080438 /* AppDelegate.m in Sources */ = {isa = PBXBuildFile; fileRef = C909C7CC19480AFC00080438 /* AppDelegate.m */; };
		C909C7D019480AFC00080438 /* ViewController.m in Sources */ = {isa = PBXBuildFile; fileRef = C909C7CF19480AFC00080438 /* ViewController.m */; };
		C909C7D319480AFC00080438 /* Main.storyboard in Resources */ = {isa = PBXBuildFile; fileRef = C909C7D119480AFC00080438 /* Main.storyboard */; };
		C909C7D519480AFC00080438 /* Images.xcassets in Resources */ = {isa = PBXBuildFile; fileRef = C909C7D419480AFC00080438 /* Images.xcassets */; };
		C909C7E119480AFC00080438 /* Example_AppTests.m in Sources */ = {isa = PBXBuildFile; fileRef = C909C7E019480AFC00080438 /* Example_AppTests.m */; };
/* End PBXBuildFile section */

/* Begin PBXContainerItemProxy section */
		C909C7DB19480AFC00080438 /* PBXContainerItemProxy */ = {
			isa = PBXContainerItemProxy;
			containerPortal = C909C7BC19480AFC00080438 /* Project object */;
			proxyType = 1;
			remoteGlobalIDString = C909C7C319480AFC00080438;
			remoteInfo = "Example App";
		};
/* End PBXContainerItemProxy section */

/* Begin PBXFileReference section */
		C909C7C419480AFC00080438 /* Example App.app */ = {isa = PBXFileReference; explicitFileType = wrapper.application; includeInIndex = 0; path = "Example App.app"; sourceTree = BUILT_PRODUCTS_DIR; };
		C909C7C819480AFC00080438 /* Info.plist */ = {isa = PBXFileReference; lastKnownFileType = text.plist.xml; path = Info.plist; sourceTree = "<group>"; };
		C909C7C919480AFC00080438 /* main.m */ = {isa = PBXFileReference; lastKnownFileType = sourcecode.c.objc; path = main.m; sourceTree = "<group>"; };
		C909C7CB19480AFC00080438 /* AppDelegate.h */ = {isa = PBXFileReference; lastKnownFileType = sourcecode.c.h; path = AppDelegate.h; sourceTree = "<group>"; };
		C909C7CC19480AFC00080438 /* AppDelegate.m */ = {isa = PBXFileReference; lastKnownFileType = sourcecode.c.objc; path = AppDelegate.m; sourceTree = "<group>"; };
		C909C7CE19480AFC00080438 /* ViewController.h */ = {isa = PBXFileReference; lastKnownFileType = sourcecode.c.h; path = ViewController.h; sourceTree = "<group>"; };
		C909C7CF19480AFC00080438 /* ViewController.m */ = {isa = PBXFileReference; lastKnownFileType = sourcecode.c.objc; path = ViewController.m; sourceTree = "<group>"; };
		C909C7D219480AFC00080438 /* Base */ = {isa = PBXFileReference; lastKnownFileType = file.storyboard; name = Base; path = Base.lproj/Main.storyboard; sourceTree = "<group>"; };
		C909C7D419480AFC00080438 /* Images.xcassets */ = {isa = PBXFileReference; lastKnownFileType = folder.assetcatalog; path = Images.xcassets; sourceTree = "<group>"; };
		C909C7DA19480AFC00080438 /* Example AppTests.xctest */ = {isa = PBXFileReference; explicitFileType = wrapper.cfbundle; includeInIndex = 0; path = "Example AppTests.xctest"; sourceTree = BUILT_PRODUCTS_DIR; };
		C909C7DF19480AFC00080438 /* Info.plist */ = {isa = PBXFileReference; lastKnownFileType = text.plist.xml; path = Info.plist; sourceTree = "<group>"; };
		C909C7E019480AFC00080438 /* Example_AppTests.m */ = {isa = PBXFileReference; lastKnownFileType = sourcecode.c.objc; path = Example_AppTests.m; sourceTree = "<group>"; };
/* End PBXFileReference section */

/* Begin PBXFrameworksBuildPhase section */
		C909C7C119480AFC00080438 /* Frameworks */ = {
			isa = PBXFrameworksBuildPhase;
			buildActionMask = 2147483647;
			files = (
			);
			runOnlyForDeploymentPostprocessing = 0;
		};
		C909C7D719480AFC00080438 /* Frameworks */ = {
			isa = PBXFrameworksBuildPhase;
			buildActionMask = 2147483647;
			files = (
			);
			runOnlyForDeploymentPostprocessing = 0;
		};
/* End PBXFrameworksBuildPhase section */

/* Begin PBXGroup section */
		C909C7BB19480AFC00080438 = {
			isa = PBXGroup;
			children = (
				C909C7C619480AFC00080438 /* Example App */,
				C909C7DD19480AFC00080438 /* Example AppTests */,
				C909C7C519480AFC00080438 /* Products */,
			);
			sourceTree = "<group>";
		};
		C909C7C519480AFC00080438 /* Products */ = {
			isa = PBXGroup;
			children = (
				C909C7C419480AFC00080438 /* Example App.app */,
				C909C7DA19480AFC00080438 /* Example AppTests.xctest */,
			);
			name = Products;
			sourceTree = "<group>";
		};
		C909C7C619480AFC00080438 /* Example App */ = {
			isa = PBXGroup;
			children = (
				C909C7CB19480AFC00080438 /* AppDelegate.h */,
				C909C7CC19480AFC00080438 /* AppDelegate.m */,
				C909C7CE19480AFC00080438 /* ViewController.h */,
				C909C7CF19480AFC00080438 /* ViewController.m */,
				C909C7D119480AFC00080438 /* Main.storyboard */,
				C909C7D419480AFC00080438 /* Images.xcassets */,
				C909C7C719480AFC00080438 /* Supporting Files */,
			);
			path = "Example App";
			sourceTree = "<group>";
		};
		C909C7C719480AFC00080438 /* Supporting Files */ = {
			isa = PBXGroup;
			children = (
				C909C7C819480AFC00080438 /* Info.plist */,
				C909C7C919480AFC00080438 /* main.m */,
			);
			name = "Supporting Files";
			sourceTree = "<group>";
		};
		C909C7DD19480AFC00080438 /* Example AppTests */ = {
			isa = PBXGroup;
			children = (
				C909C7E019480AFC00080438 /* Example_AppTests.m */,
				C909C7DE19480AFC00080438 /* Supporting Files */,
			);
			path = "Example AppTests";
			sourceTree = "<group>";
		};
		C909C7DE19480AFC00080438 /* Supporting Files */ = {
			isa = PBXGroup;
			children = (
				C909C7DF19480AFC00080438 /* Info.plist */,
			);
			name = "Supporting Files";
			sourceTree = "<group>";
		};
/* End PBXGroup section */

/* Begin PBXNativeTarget section */
		C909C7C319480AFC00080438 /* Example App */ = {
			isa = PBXNativeTarget;
			buildConfigurationList = C909C7E419480AFC00080438 /* Build configuration list for PBXNativeTarget "Example App" */;
			buildPhases = (
				C909C7C019480AFC00080438 /* Sources */,
				C909C7C119480AFC00080438 /* Frameworks */,
				C909C7C219480AFC00080438 /* Resources */,
			);
			buildRules = (
			);
			dependencies = (
			);
			name = "Example App";
			productName = "Example App";
			productReference = C909C7C419480AFC00080438 /* Example App.app */;
			productType = "com.apple.product-type.application";
		};
		C909C7D919480AFC00080438 /* Example AppTests */ = {
			isa = PBXNativeTarget;
			buildConfigurationList = C909C7E719480AFC00080438 /* Build configuration list for PBXNativeTarget "Example AppTests" */;
			buildPhases = (
				C909C7D619480AFC00080438 /* Sources */,
				C909C7D719480AFC00080438 /* Frameworks */,
				C909C7D819480AFC00080438 /* Resources */,
			);
			buildRules = (
			);
			dependencies = (
				C909C7DC19480AFC00080438 /* PBXTargetDependency */,
			);
			name = "Example AppTests";
			productName = "Example AppTests";
			productReference = C909C7DA19480AFC00080438 /* Example AppTests.xctest */;
			productType = "com.apple.product-type.bundle.unit-test";
		};
/* End PBXNativeTarget section */

/* Begin PBXProject section */
		C909C7BC19480AFC00080438 /* Project object */ = {
			isa = PBXProject;
			attributes = {
				LastUpgradeCheck = 0600;
				ORGANIZATIONNAME = "Matt Zanchelli";
				TargetAttributes = {
					C909C7C319480AFC00080438 = {
						CreatedOnToolsVersion = 6.0;
					};
					C909C7D919480AFC00080438 = {
						CreatedOnToolsVersion = 6.0;
						TestTargetID = C909C7C319480AFC00080438;
					};
				};
			};
			buildConfigurationList = C909C7BF19480AFC00080438 /* Build configuration list for PBXProject "Example App" */;
			compatibilityVersion = "Xcode 3.2";
			developmentRegion = English;
			hasScannedForEncodings = 0;
			knownRegions = (
				en,
				Base,
			);
			mainGroup = C909C7BB19480AFC00080438;
			productRefGroup = C909C7C519480AFC00080438 /* Products */;
			projectDirPath = "";
			projectRoot = "";
			targets = (
				C909C7C319480AFC00080438 /* Example App */,
				C909C7D919480AFC00080438 /* Example AppTests */,
			);
		};
/* End PBXProject section */

/* Begin PBXResourcesBuildPhase section */
		C909C7C219480AFC00080438 /* Resources */ = {
			isa = PBXResourcesBuildPhase;
			buildActionMask = 2147483647;
			files = (
				C909C7D319480AFC00080438 /* Main.storyboard in Resources */,
				C909C7D519480AFC00080438 /* Images.xcassets in Resources */,
			);
			runOnlyForDeploymentPostprocessing = 0;
		};
		C909C7D819480AFC00080438 /* Resources */ = {
			isa = PBXResourcesBuildPhase;
			buildActionMask = 2147483647;
			files = (
			);
			runOnlyForDeploymentPostprocessing = 0;
		};
/* End PBXResourcesBuildPhase section */

/* Begin PBXSourcesBuildPhase section */
		C909C7C019480AFC00080438 /* Sources */ = {
			isa = PBXSourcesBuildPhase;
			buildActionMask = 2147483647;
			files = (
				C909C7D019480AFC00080438 /* ViewController.m in Sources */,
				C909C7CD19480AFC00080438 /* AppDelegate.m in Sources */,
				C909C7CA19480AFC00080438 /* main.m in Sources */,
			);
			runOnlyForDeploymentPostprocessing = 0;
		};
		C909C7D619480AFC00080438 /* Sources */ = {
			isa = PBXSourcesBuildPhase;
			buildActionMask = 2147483647;
			files = (
				C909C7E119480AFC00080438 /* Example_AppTests.m in Sources */,
			);
			runOnlyForDeploymentPostprocessing = 0;
		};
/* End PBXSourcesBuildPhase section */

/* Begin PBXTargetDependency section */
		C909C7DC19480AFC00080438 /* PBXTargetDependency */ = {
			isa = PBXTargetDependency;
			target = C909C7C319480AFC00080438 /* Example App */;
			targetProxy = C909C7DB19480AFC00080438 /* PBXContainerItemProxy */;
		};
/* End PBXTargetDependency section */

/* Begin PBXVariantGroup section */
		C909C7D119480AFC00080438 /* Main.storyboard */ = {
			isa = PBXVariantGroup;
			children = (
				C909C7D219480AFC00080438 /* Base */,
			);
			name = Main.storyboard;
			sourceTree = "<group>";
		};
/* End PBXVariantGroup section */

/* Begin XCBuildConfiguration section */
		C909C7E219480AFC00080438 /* Debug */ = {
			isa = XCBuildConfiguration;
			buildSettings = {
				ALWAYS_SEARCH_USER_PATHS = NO;
				CLANG_CXX_LANGUAGE_STANDARD = "gnu++0x";
				CLANG_CXX_LIBRARY = "libc++";
				CLANG_ENABLE_MODULES = YES;
				CLANG_ENABLE_OBJC_ARC = YES;
				CLANG_WARN_BOOL_CONVERSION = YES;
				CLANG_WARN_CONSTANT_CONVERSION = YES;
				CLANG_WARN_DIRECT_OBJC_ISA_USAGE = YES_ERROR;
				CLANG_WARN_EMPTY_BODY = YES;
				CLANG_WARN_ENUM_CONVERSION = YES;
				CLANG_WARN_INT_CONVERSION = YES;
				CLANG_WARN_OBJC_ROOT_CLASS = YES_ERROR;
				CLANG_WARN_UNREACHABLE_CODE = YES;
				CLANG_WARN__DUPLICATE_METHOD_MATCH = YES;
				"CODE_SIGN_IDENTITY[sdk=iphoneos*]" = "iPhone Developer";
				COPY_PHASE_STRIP = NO;
				ENABLE_STRICT_OBJC_MSGSEND = YES;
				GCC_C_LANGUAGE_STANDARD = gnu99;
				GCC_DYNAMIC_NO_PIC = NO;
				GCC_OPTIMIZATION_LEVEL = 0;
				GCC_PREPROCESSOR_DEFINITIONS = (
					"DEBUG=1",
					"$(inherited)",
				);
				GCC_SYMBOLS_PRIVATE_EXTERN = NO;
				GCC_WARN_64_TO_32_BIT_CONVERSION = YES;
				GCC_WARN_ABOUT_RETURN_TYPE = YES_ERROR;
				GCC_WARN_UNDECLARED_SELECTOR = YES;
				GCC_WARN_UNINITIALIZED_AUTOS = YES_AGGRESSIVE;
				GCC_WARN_UNUSED_FUNCTION = YES;
				GCC_WARN_UNUSED_VARIABLE = YES;
				IPHONEOS_DEPLOYMENT_TARGET = 8.0;
				METAL_ENABLE_DEBUG_INFO = YES;
				ONLY_ACTIVE_ARCH = YES;
				SDKROOT = iphoneos;
				TARGETED_DEVICE_FAMILY = "1,2";
			};
			name = Debug;
		};
		C909C7E319480AFC00080438 /* Release */ = {
			isa = XCBuildConfiguration;
			buildSettings = {
				ALWAYS_SEARCH_USER_PATHS = NO;
				CLANG_CXX_LANGUAGE_STANDARD = "gnu++0x";
				CLANG_CXX_LIBRARY = "libc++";
				CLANG_ENABLE_MODULES = YES;
				CLANG_ENABLE_OBJC_ARC = YES;
				CLANG_WARN_BOOL_CONVERSION = YES;
				CLANG_WARN_CONSTANT_CONVERSION = YES;
				CLANG_WARN_DIRECT_OBJC_ISA_USAGE = YES_ERROR;
				CLANG_WARN_EMPTY_BODY = YES;
				CLANG_WARN_ENUM_CONVERSION = YES;
				CLANG_WARN_INT_CONVERSION = YES;
				CLANG_WARN_OBJC_ROOT_CLASS = YES_ERROR;
				CLANG_WARN_UNREACHABLE_CODE = YES;
				CLANG_WARN__DUPLICATE_METHOD_MATCH = YES;
				"CODE_SIGN_IDENTITY[sdk=iphoneos*]" = "iPhone Developer";
				COPY_PHASE_STRIP = YES;
				ENABLE_NS_ASSERTIONS = NO;
				ENABLE_STRICT_OBJC_MSGSEND = YES;
				GCC_C_LANGUAGE_STANDARD = gnu99;
				GCC_WARN_64_TO_32_BIT_CONVERSION = YES;
				GCC_WARN_ABOUT_RETURN_TYPE = YES_ERROR;
				GCC_WARN_UNDECLARED_SELECTOR = YES;
				GCC_WARN_UNINITIALIZED_AUTOS = YES_AGGRESSIVE;
				GCC_WARN_UNUSED_FUNCTION = YES;
				GCC_WARN_UNUSED_VARIABLE = YES;
				IPHONEOS_DEPLOYMENT_TARGET = 8.0;
				METAL_ENABLE_DEBUG_INFO = NO;
				SDKROOT = iphoneos;
				TARGETED_DEVICE_FAMILY = "1,2";
				VALIDATE_PRODUCT = YES;
			};
			name = Release;
		};
		C909C7E519480AFC00080438 /* Debug */ = {
			isa = XCBuildConfiguration;
			buildSettings = {
				ASSETCATALOG_COMPILER_APPICON_NAME = AppIcon;
				ASSETCATALOG_COMPILER_LAUNCHIMAGE_NAME = LaunchImage;
				INFOPLIST_FILE = "Example App/Info.plist";
				LD_RUNPATH_SEARCH_PATHS = "$(inherited) @executable_path/Frameworks";
				PRODUCT_NAME = "$(TARGET_NAME)";
				TARGETED_DEVICE_FAMILY = 1;
			};
			name = Debug;
		};
		C909C7E619480AFC00080438 /* Release */ = {
			isa = XCBuildConfiguration;
			buildSettings = {
				ASSETCATALOG_COMPILER_APPICON_NAME = AppIcon;
				ASSETCATALOG_COMPILER_LAUNCHIMAGE_NAME = LaunchImage;
				INFOPLIST_FILE = "Example App/Info.plist";
				LD_RUNPATH_SEARCH_PATHS = "$(inherited) @executable_path/Frameworks";
				PRODUCT_NAME = "$(TARGET_NAME)";
				TARGETED_DEVICE_FAMILY = 1;
			};
			name = Release;
		};
		C909C7E819480AFC00080438 /* Debug */ = {
			isa = XCBuildConfiguration;
			buildSettings = {
				BUNDLE_LOADER = "$(BUILT_PRODUCTS_DIR)/Example App.app/Example App";
				FRAMEWORK_SEARCH_PATHS = (
					"$(SDKROOT)/Developer/Library/Frameworks",
					"$(inherited)",
				);
				GCC_PREPROCESSOR_DEFINITIONS = (
					"DEBUG=1",
					"$(inherited)",
				);
				INFOPLIST_FILE = "Example AppTests/Info.plist";
				LD_RUNPATH_SEARCH_PATHS = "$(inherited) @executable_path/Frameworks @loader_path/Frameworks";
				METAL_ENABLE_DEBUG_INFO = YES;
				PRODUCT_NAME = "$(TARGET_NAME)";
				TEST_HOST = "$(BUNDLE_LOADER)";
			};
			name = Debug;
		};
		C909C7E919480AFC00080438 /* Release */ = {
			isa = XCBuildConfiguration;
			buildSettings = {
				BUNDLE_LOADER = "$(BUILT_PRODUCTS_DIR)/Example App.app/Example App";
				FRAMEWORK_SEARCH_PATHS = (
					"$(SDKROOT)/Developer/Library/Frameworks",
					"$(inherited)",
				);
				INFOPLIST_FILE = "Example AppTests/Info.plist";
				LD_RUNPATH_SEARCH_PATHS = "$(inherited) @executable_path/Frameworks @loader_path/Frameworks";
				METAL_ENABLE_DEBUG_INFO = NO;
				PRODUCT_NAME = "$(TARGET_NAME)";
				TEST_HOST = "$(BUNDLE_LOADER)";
			};
			name = Release;
		};
/* End XCBuildConfiguration section */

/* Begin XCConfigurationList section */
		C909C7BF19480AFC00080438 /* Build configuration list for PBXProject "Example App" */ = {
			isa = XCConfigurationList;
			buildConfigurations = (
				C909C7E219480AFC00080438 /* Debug */,
				C909C7E319480AFC00080438 /* Release */,
			);
			defaultConfigurationIsVisible = 0;
			defaultConfigurationName = Release;
		};
		C909C7E419480AFC00080438 /* Build configuration list for PBXNativeTarget "Example App" */ = {
			isa = XCConfigurationList;
			buildConfigurations = (
				C909C7E519480AFC00080438 /* Debug */,
				C909C7E619480AFC00080438 /* Release */,
			);
			defaultConfigurationIsVisible = 0;
		};
		C909C7E719480AFC00080438 /* Build configuration list for PBXNativeTarget "Example AppTests" */ = {
			isa = XCConfigurationList;
			buildConfigurations = (
				C909C7E819480AFC00080438 /* Debug */,
				C909C7E919480AFC00080438 /* Release */,
			);
			defaultConfigurationIsVisible = 0;
		};
/* End XCConfigurationList section */
	};
	rootObject = C909C7BC19480AFC00080438 /* Project object */;
}
